
Microsoft Visual Studio Solution File, Format Version 12.00
# Visual Studio Version 17
VisualStudioVersion = 17.14.36717.8
MinimumVisualStudioVersion = 10.0.40219.1
Project("{FAE04EC0-301F-11D3-BF4B-00C04F79EFBC}") = "Spectre.Console.Extensions.NTokenizers", "src\Spectre.Console.Extensions.NTokenizers\Spectre.Console.Extensions.NTokenizers.csproj", "{A89B99F4-415B-1059-3FDF-7831925C4FBA}"
EndProject
Project("{FAE04EC0-301F-11D3-BF4B-00C04F79EFBC}") = "Spectre.Console.Extensions.NTokenizers.ShowCase.CSharp", "tests\Spectre.Console.Extensions.NTokenizers.ShowCase.CSharp\Spectre.Console.Extensions.NTokenizers.ShowCase.CSharp.csproj", "{2738252D-22B7-FF7C-1882-87CDE320A199}"
EndProject
Project("{FAE04EC0-301F-11D3-BF4B-00C04F79EFBC}") = "Spectre.Console.Extensions.NTokenizers.ShowCase.Json", "tests\Spectre.Console.Extensions.NTokenizers.ShowCase.Json\Spectre.Console.Extensions.NTokenizers.ShowCase.Json.csproj", "{A92C960E-794B-121F-EF67-393DABB26ED2}"
EndProject
Project("{FAE04EC0-301F-11D3-BF4B-00C04F79EFBC}") = "Spectre.Console.Extensions.NTokenizers.ShowCase.Markup", "tests\Spectre.Console.Extensions.NTokenizers.ShowCase.Markup\Spectre.Console.Extensions.NTokenizers.ShowCase.Markup.csproj", "{D4DBB7DF-B466-53F7-F5E5-2F6F4021E5E0}"
EndProject
Project("{FAE04EC0-301F-11D3-BF4B-00C04F79EFBC}") = "Spectre.Console.Extensions.NTokenizers.ShowCase.Sql", "tests\Spectre.Console.Extensions.NTokenizers.ShowCase.Sql\Spectre.Console.Extensions.NTokenizers.ShowCase.Sql.csproj", "{4B4673CE-371D-C998-C9F9-BB7D9D0E1005}"
EndProject
Project("{FAE04EC0-301F-11D3-BF4B-00C04F79EFBC}") = "Spectre.Console.Extensions.NTokenizers.ShowCase.Typescript", "tests\Spectre.Console.Extensions.NTokenizers.ShowCase.Typescript\Spectre.Console.Extensions.NTokenizers.ShowCase.Typescript.csproj", "{3C9801B7-3484-2A18-0502-1F03B48659C0}"
EndProject
Project("{2150E333-8FDC-42A3-9474-1A3956D46DE8}") = "Solution Items", "Solution Items", "{8EC462FD-D22E-90A8-E5CE-7E832BA40C5D}"
	ProjectSection(SolutionItems) = preProject
		README.md = README.md
	EndProjectSection
EndProject
Project("{FAE04EC0-301F-11D3-BF4B-00C04F79EFBC}") = "Spectre.Console.Extensions.NTokenizers.ShowCase.Xml", "tests\Spectre.Console.Extensions.NTokenizers.ShowCase.Xml\Spectre.Console.Extensions.NTokenizers.ShowCase.Xml.csproj", "{2AF58C74-FEF2-AFFE-B063-221680DD6667}"
EndProject
Global
	GlobalSection(SolutionConfigurationPlatforms) = preSolution
		Debug|Any CPU = Debug|Any CPU
		Release|Any CPU = Release|Any CPU
	EndGlobalSection
	GlobalSection(ProjectConfigurationPlatforms) = postSolution
		{A89B99F4-415B-1059-3FDF-7831925C4FBA}.Debug|Any CPU.ActiveCfg = Debug|Any CPU
		{A89B99F4-415B-1059-3FDF-7831925C4FBA}.Debug|Any CPU.Build.0 = Debug|Any CPU
		{A89B99F4-415B-1059-3FDF-7831925C4FBA}.Release|Any CPU.ActiveCfg = Release|Any CPU
		{A89B99F4-415B-1059-3FDF-7831925C4FBA}.Release|Any CPU.Build.0 = Release|Any CPU
		{2738252D-22B7-FF7C-1882-87CDE320A199}.Debug|Any CPU.ActiveCfg = Debug|Any CPU
		{2738252D-22B7-FF7C-1882-87CDE320A199}.Debug|Any CPU.Build.0 = Debug|Any CPU
		{2738252D-22B7-FF7C-1882-87CDE320A199}.Release|Any CPU.ActiveCfg = Release|Any CPU
		{2738252D-22B7-FF7C-1882-87CDE320A199}.Release|Any CPU.Build.0 = Release|Any CPU
		{A92C960E-794B-121F-EF67-393DABB26ED2}.Debug|Any CPU.ActiveCfg = Debug|Any CPU
		{A92C960E-794B-121F-EF67-393DABB26ED2}.Debug|Any CPU.Build.0 = Debug|Any CPU
		{A92C960E-794B-121F-EF67-393DABB26ED2}.Release|Any CPU.ActiveCfg = Release|Any CPU
		{A92C960E-794B-121F-EF67-393DABB26ED2}.Release|Any CPU.Build.0 = Release|Any CPU
		{D4DBB7DF-B466-53F7-F5E5-2F6F4021E5E0}.Debug|Any CPU.ActiveCfg = Debug|Any CPU
		{D4DBB7DF-B466-53F7-F5E5-2F6F4021E5E0}.Debug|Any CPU.Build.0 = Debug|Any CPU
		{D4DBB7DF-B466-53F7-F5E5-2F6F4021E5E0}.Release|Any CPU.ActiveCfg = Release|Any CPU
		{D4DBB7DF-B466-53F7-F5E5-2F6F4021E5E0}.Release|Any CPU.Build.0 = Release|Any CPU
		{4B4673CE-371D-C998-C9F9-BB7D9D0E1005}.Debug|Any CPU.ActiveCfg = Debug|Any CPU
		{4B4673CE-371D-C998-C9F9-BB7D9D0E1005}.Debug|Any CPU.Build.0 = Debug|Any CPU
		{4B4673CE-371D-C998-C9F9-BB7D9D0E1005}.Release|Any CPU.ActiveCfg = Release|Any CPU
		{4B4673CE-371D-C998-C9F9-BB7D9D0E1005}.Release|Any CPU.Build.0 = Release|Any CPU
		{3C9801B7-3484-2A18-0502-1F03B48659C0}.Debug|Any CPU.ActiveCfg = Debug|Any CPU
		{3C9801B7-3484-2A18-0502-1F03B48659C0}.Debug|Any CPU.Build.0 = Debug|Any CPU
		{3C9801B7-3484-2A18-0502-1F03B48659C0}.Release|Any CPU.ActiveCfg = Release|Any CPU
		{3C9801B7-3484-2A18-0502-1F03B48659C0}.Release|Any CPU.Build.0 = Release|Any CPU
		{2AF58C74-FEF2-AFFE-B063-221680DD6667}.Debug|Any CPU.ActiveCfg = Debug|Any CPU
		{2AF58C74-FEF2-AFFE-B063-221680DD6667}.Debug|Any CPU.Build.0 = Debug|Any CPU
		{2AF58C74-FEF2-AFFE-B063-221680DD6667}.Release|Any CPU.ActiveCfg = Release|Any CPU
		{2AF58C74-FEF2-AFFE-B063-221680DD6667}.Release|Any CPU.Build.0 = Release|Any CPU
	EndGlobalSection
	GlobalSection(SolutionProperties) = preSolution
		HideSolutionNode = FALSE
	EndGlobalSection
	GlobalSection(ExtensibilityGlobals) = postSolution
		SolutionGuid = {0093846F-8D17-43D5-B871-6AF8DC13CEE8}
	EndGlobalSection
EndGlobal
